
Microsoft Visual Studio Solution File, Format Version 12.00
# Visual Studio Version 17
VisualStudioVersion = 17.5.33516.290
MinimumVisualStudioVersion = 10.0.40219.1
Project("{FAE04EC0-301F-11D3-BF4B-00C04F79EFBC}") = "eshop.MVC", "eshop.MVC\eshop.MVC.csproj", "{823E7C5C-008E-42BE-B8B5-9AC6B8FE9C83}"
EndProject
Project("{FAE04EC0-301F-11D3-BF4B-00C04F79EFBC}") = "eshop.Domains", "eshop.Domains\eshop.Domains.csproj", "{53AE0F91-27AB-4055-9FAA-75741E894AC4}"
EndProject
Project("{FAE04EC0-301F-11D3-BF4B-00C04F79EFBC}") = "eshop.Application", "eshop.Application\eshop.Application.csproj", "{5931936C-35CC-4D65-A5EB-DF1B5540EAD5}"
EndProject
Project("{FAE04EC0-301F-11D3-BF4B-00C04F79EFBC}") = "shop.Infrastructure", "shop.Infrastructure\shop.Infrastructure.csproj", "{EDE4AEBB-A625-40EB-94D9-74CF0258F7B9}"
EndProject
Project("{FAE04EC0-301F-11D3-BF4B-00C04F79EFBC}") = "eshop.API", "eshop.API\eshop.API.csproj", "{F5F33473-3C90-486F-AF6E-983AFA4AF6A6}"
EndProject
Global
	GlobalSection(SolutionConfigurationPlatforms) = preSolution
		Debug|Any CPU = Debug|Any CPU
		Release|Any CPU = Release|Any CPU
	EndGlobalSection
	GlobalSection(ProjectConfigurationPlatforms) = postSolution
		{823E7C5C-008E-42BE-B8B5-9AC6B8FE9C83}.Debug|Any CPU.ActiveCfg = Debug|Any CPU
		{823E7C5C-008E-42BE-B8B5-9AC6B8FE9C83}.Debug|Any CPU.Build.0 = Debug|Any CPU
		{823E7C5C-008E-42BE-B8B5-9AC6B8FE9C83}.Release|Any CPU.ActiveCfg = Release|Any CPU
		{823E7C5C-008E-42BE-B8B5-9AC6B8FE9C83}.Release|Any CPU.Build.0 = Release|Any CPU
		{53AE0F91-27AB-4055-9FAA-75741E894AC4}.Debug|Any CPU.ActiveCfg = Debug|Any CPU
		{53AE0F91-27AB-4055-9FAA-75741E894AC4}.Debug|Any CPU.Build.0 = Debug|Any CPU
		{53AE0F91-27AB-4055-9FAA-75741E894AC4}.Release|Any CPU.ActiveCfg = Release|Any CPU
		{53AE0F91-27AB-4055-9FAA-75741E894AC4}.Release|Any CPU.Build.0 = Release|Any CPU
		{5931936C-35CC-4D65-A5EB-DF1B5540EAD5}.Debug|Any CPU.ActiveCfg = Debug|Any CPU
		{5931936C-35CC-4D65-A5EB-DF1B5540EAD5}.Debug|Any CPU.Build.0 = Debug|Any CPU
		{5931936C-35CC-4D65-A5EB-DF1B5540EAD5}.Release|Any CPU.ActiveCfg = Release|Any CPU
		{5931936C-35CC-4D65-A5EB-DF1B5540EAD5}.Release|Any CPU.Build.0 = Release|Any CPU
		{EDE4AEBB-A625-40EB-94D9-74CF0258F7B9}.Debug|Any CPU.ActiveCfg = Debug|Any CPU
		{EDE4AEBB-A625-40EB-94D9-74CF0258F7B9}.Debug|Any CPU.Build.0 = Debug|Any CPU
		{EDE4AEBB-A625-40EB-94D9-74CF0258F7B9}.Release|Any CPU.ActiveCfg = Release|Any CPU
		{EDE4AEBB-A625-40EB-94D9-74CF0258F7B9}.Release|Any CPU.Build.0 = Release|Any CPU
		{F5F33473-3C90-486F-AF6E-983AFA4AF6A6}.Debug|Any CPU.ActiveCfg = Debug|Any CPU
		{F5F33473-3C90-486F-AF6E-983AFA4AF6A6}.Debug|Any CPU.Build.0 = Debug|Any CPU
		{F5F33473-3C90-486F-AF6E-983AFA4AF6A6}.Release|Any CPU.ActiveCfg = Release|Any CPU
		{F5F33473-3C90-486F-AF6E-983AFA4AF6A6}.Release|Any CPU.Build.0 = Release|Any CPU
	EndGlobalSection
	GlobalSection(SolutionProperties) = preSolution
		HideSolutionNode = FALSE
	EndGlobalSection
	GlobalSection(ExtensibilityGlobals) = postSolution
		SolutionGuid = {9C2804AE-B054-498A-9307-F6598DF22255}
	EndGlobalSection
EndGlobal
