
Microsoft Visual Studio Solution File, Format Version 12.00
# Visual Studio Version 17
VisualStudioVersion = 17.5.33516.290
MinimumVisualStudioVersion = 10.0.40219.1
Project("{FAE04EC0-301F-11D3-BF4B-00C04F79EFBC}") = "ArraysAndCollections", "ArraysAndCollections\ArraysAndCollections.csproj", "{3069A8CC-C2E6-4038-B500-9DEC9064AB4F}"
EndProject
Global
	GlobalSection(SolutionConfigurationPlatforms) = preSolution
		Debug|Any CPU = Debug|Any CPU
		Release|Any CPU = Release|Any CPU
	EndGlobalSection
	GlobalSection(ProjectConfigurationPlatforms) = postSolution
		{3069A8CC-C2E6-4038-B500-9DEC9064AB4F}.Debug|Any CPU.ActiveCfg = Debug|Any CPU
		{3069A8CC-C2E6-4038-B500-9DEC9064AB4F}.Debug|Any CPU.Build.0 = Debug|Any CPU
		{3069A8CC-C2E6-4038-B500-9DEC9064AB4F}.Release|Any CPU.ActiveCfg = Release|Any CPU
		{3069A8CC-C2E6-4038-B500-9DEC9064AB4F}.Release|Any CPU.Build.0 = Release|Any CPU
	EndGlobalSection
	GlobalSection(SolutionProperties) = preSolution
		HideSolutionNode = FALSE
	EndGlobalSection
	GlobalSection(ExtensibilityGlobals) = postSolution
		SolutionGuid = {12E749EF-1A0E-4C7D-9F07-49ECFE4104CB}
	EndGlobalSection
EndGlobal
