
Microsoft Visual Studio Solution File, Format Version 12.00
# Visual Studio Version 17
VisualStudioVersion = 17.5.33516.290
MinimumVisualStudioVersion = 10.0.40219.1
Project("{FAE04EC0-301F-11D3-BF4B-00C04F79EFBC}") = "BasicLINQ", "BasicLINQ\BasicLINQ.csproj", "{CA91B029-8B24-412B-99E9-8755B198F775}"
EndProject
Project("{FAE04EC0-301F-11D3-BF4B-00C04F79EFBC}") = "ExtensionsMethods", "ExtensionsMethods\ExtensionsMethods.csproj", "{29D68682-366E-48BA-B4B0-7E5DF37BD6CF}"
EndProject
Global
	GlobalSection(SolutionConfigurationPlatforms) = preSolution
		Debug|Any CPU = Debug|Any CPU
		Release|Any CPU = Release|Any CPU
	EndGlobalSection
	GlobalSection(ProjectConfigurationPlatforms) = postSolution
		{CA91B029-8B24-412B-99E9-8755B198F775}.Debug|Any CPU.ActiveCfg = Debug|Any CPU
		{CA91B029-8B24-412B-99E9-8755B198F775}.Debug|Any CPU.Build.0 = Debug|Any CPU
		{CA91B029-8B24-412B-99E9-8755B198F775}.Release|Any CPU.ActiveCfg = Release|Any CPU
		{CA91B029-8B24-412B-99E9-8755B198F775}.Release|Any CPU.Build.0 = Release|Any CPU
		{29D68682-366E-48BA-B4B0-7E5DF37BD6CF}.Debug|Any CPU.ActiveCfg = Debug|Any CPU
		{29D68682-366E-48BA-B4B0-7E5DF37BD6CF}.Debug|Any CPU.Build.0 = Debug|Any CPU
		{29D68682-366E-48BA-B4B0-7E5DF37BD6CF}.Release|Any CPU.ActiveCfg = Release|Any CPU
		{29D68682-366E-48BA-B4B0-7E5DF37BD6CF}.Release|Any CPU.Build.0 = Release|Any CPU
	EndGlobalSection
	GlobalSection(SolutionProperties) = preSolution
		HideSolutionNode = FALSE
	EndGlobalSection
	GlobalSection(ExtensibilityGlobals) = postSolution
		SolutionGuid = {0DD9316F-C5BB-47E4-A624-56D8D6FC8C82}
	EndGlobalSection
EndGlobal
