
Microsoft Visual Studio Solution File, Format Version 12.00
# Visual Studio Version 17
VisualStudioVersion = 17.5.33516.290
MinimumVisualStudioVersion = 10.0.40219.1
Project("{FAE04EC0-301F-11D3-BF4B-00C04F79EFBC}") = "ObjectVSClass", "ObjectVSClass\ObjectVSClass.csproj", "{340F1B46-C425-478F-BB31-F1D6838FDB6F}"
EndProject
Project("{FAE04EC0-301F-11D3-BF4B-00C04F79EFBC}") = "Encapsulation", "Encapsulation\Encapsulation.csproj", "{40F5C1C1-5FE9-48BA-BDC4-B32B6016DFCA}"
EndProject
Project("{FAE04EC0-301F-11D3-BF4B-00C04F79EFBC}") = "Constructors", "Constructors\Constructors.csproj", "{C34A7F93-2E32-4AF6-9CA0-135AF0109A99}"
EndProject
Project("{FAE04EC0-301F-11D3-BF4B-00C04F79EFBC}") = "StaticKeyword", "StaticKeyword\StaticKeyword.csproj", "{53368C8F-9E35-4CED-8F2E-13F5D1811984}"
EndProject
Project("{FAE04EC0-301F-11D3-BF4B-00C04F79EFBC}") = "Inheritance", "Inheritance\Inheritance.csproj", "{F035EFD9-9561-4CFC-B764-D5749A7F43DA}"
EndProject
Project("{FAE04EC0-301F-11D3-BF4B-00C04F79EFBC}") = "AbstractANDInterface", "AbstractANDInterface\AbstractANDInterface.csproj", "{83602338-3F27-4B0A-B551-D7F35DC40792}"
EndProject
Global
	GlobalSection(SolutionConfigurationPlatforms) = preSolution
		Debug|Any CPU = Debug|Any CPU
		Release|Any CPU = Release|Any CPU
	EndGlobalSection
	GlobalSection(ProjectConfigurationPlatforms) = postSolution
		{340F1B46-C425-478F-BB31-F1D6838FDB6F}.Debug|Any CPU.ActiveCfg = Debug|Any CPU
		{340F1B46-C425-478F-BB31-F1D6838FDB6F}.Debug|Any CPU.Build.0 = Debug|Any CPU
		{340F1B46-C425-478F-BB31-F1D6838FDB6F}.Release|Any CPU.ActiveCfg = Release|Any CPU
		{340F1B46-C425-478F-BB31-F1D6838FDB6F}.Release|Any CPU.Build.0 = Release|Any CPU
		{40F5C1C1-5FE9-48BA-BDC4-B32B6016DFCA}.Debug|Any CPU.ActiveCfg = Debug|Any CPU
		{40F5C1C1-5FE9-48BA-BDC4-B32B6016DFCA}.Debug|Any CPU.Build.0 = Debug|Any CPU
		{40F5C1C1-5FE9-48BA-BDC4-B32B6016DFCA}.Release|Any CPU.ActiveCfg = Release|Any CPU
		{40F5C1C1-5FE9-48BA-BDC4-B32B6016DFCA}.Release|Any CPU.Build.0 = Release|Any CPU
		{C34A7F93-2E32-4AF6-9CA0-135AF0109A99}.Debug|Any CPU.ActiveCfg = Debug|Any CPU
		{C34A7F93-2E32-4AF6-9CA0-135AF0109A99}.Debug|Any CPU.Build.0 = Debug|Any CPU
		{C34A7F93-2E32-4AF6-9CA0-135AF0109A99}.Release|Any CPU.ActiveCfg = Release|Any CPU
		{C34A7F93-2E32-4AF6-9CA0-135AF0109A99}.Release|Any CPU.Build.0 = Release|Any CPU
		{53368C8F-9E35-4CED-8F2E-13F5D1811984}.Debug|Any CPU.ActiveCfg = Debug|Any CPU
		{53368C8F-9E35-4CED-8F2E-13F5D1811984}.Debug|Any CPU.Build.0 = Debug|Any CPU
		{53368C8F-9E35-4CED-8F2E-13F5D1811984}.Release|Any CPU.ActiveCfg = Release|Any CPU
		{53368C8F-9E35-4CED-8F2E-13F5D1811984}.Release|Any CPU.Build.0 = Release|Any CPU
		{F035EFD9-9561-4CFC-B764-D5749A7F43DA}.Debug|Any CPU.ActiveCfg = Debug|Any CPU
		{F035EFD9-9561-4CFC-B764-D5749A7F43DA}.Debug|Any CPU.Build.0 = Debug|Any CPU
		{F035EFD9-9561-4CFC-B764-D5749A7F43DA}.Release|Any CPU.ActiveCfg = Release|Any CPU
		{F035EFD9-9561-4CFC-B764-D5749A7F43DA}.Release|Any CPU.Build.0 = Release|Any CPU
		{83602338-3F27-4B0A-B551-D7F35DC40792}.Debug|Any CPU.ActiveCfg = Debug|Any CPU
		{83602338-3F27-4B0A-B551-D7F35DC40792}.Debug|Any CPU.Build.0 = Debug|Any CPU
		{83602338-3F27-4B0A-B551-D7F35DC40792}.Release|Any CPU.ActiveCfg = Release|Any CPU
		{83602338-3F27-4B0A-B551-D7F35DC40792}.Release|Any CPU.Build.0 = Release|Any CPU
	EndGlobalSection
	GlobalSection(SolutionProperties) = preSolution
		HideSolutionNode = FALSE
	EndGlobalSection
	GlobalSection(ExtensibilityGlobals) = postSolution
		SolutionGuid = {50A084E2-2A28-4D7C-8C72-1BDB3E4C8AAC}
	EndGlobalSection
EndGlobal
